
Microsoft Visual Studio Solution File, Format Version 12.00
# Visual Studio 14
VisualStudioVersion = 14.0.25420.1
MinimumVisualStudioVersion = 10.0.40219.1
Project("{FAE04EC0-301F-11D3-BF4B-00C04F79EFBC}") = "Server", "Server\Server.csproj", "{61A04A60-3A99-4DD6-A6C4-A511FCC10BCF}"
EndProject
Project("{FAE04EC0-301F-11D3-BF4B-00C04F79EFBC}") = "Infrastructure", "Infrastructure\Infrastructure.csproj", "{61C6B1BF-9B9C-424A-A581-A5513B00835C}"
EndProject
Project("{2150E333-8FDC-42A3-9474-1A3956D46DE8}") = "Clients", "Clients", "{37FE3466-869E-471E-9F36-98F39D9FD27D}"
EndProject
Project("{FAE04EC0-301F-11D3-BF4B-00C04F79EFBC}") = "Common", "Clients\Common\Common.csproj", "{67ED0532-5D6C-495B-A375-F09AD92D2F06}"
EndProject
Project("{FAE04EC0-301F-11D3-BF4B-00C04F79EFBC}") = "Terminal", "Clients\Terminal\Terminal.csproj", "{B0F4B60D-17EC-4812-A9BF-A1A521CCE6C6}"
EndProject
Project("{FAE04EC0-301F-11D3-BF4B-00C04F79EFBC}") = "Client", "Client\Client.csproj", "{E0FC90CB-9E3E-49BC-A8EF-BB41974F43A2}"
EndProject
Global
	GlobalSection(SolutionConfigurationPlatforms) = preSolution
		Debug|Any CPU = Debug|Any CPU
		Release|Any CPU = Release|Any CPU
	EndGlobalSection
	GlobalSection(ProjectConfigurationPlatforms) = postSolution
		{61A04A60-3A99-4DD6-A6C4-A511FCC10BCF}.Debug|Any CPU.ActiveCfg = Debug|Any CPU
		{61A04A60-3A99-4DD6-A6C4-A511FCC10BCF}.Debug|Any CPU.Build.0 = Debug|Any CPU
		{61A04A60-3A99-4DD6-A6C4-A511FCC10BCF}.Release|Any CPU.ActiveCfg = Release|Any CPU
		{61A04A60-3A99-4DD6-A6C4-A511FCC10BCF}.Release|Any CPU.Build.0 = Release|Any CPU
		{61C6B1BF-9B9C-424A-A581-A5513B00835C}.Debug|Any CPU.ActiveCfg = Debug|Any CPU
		{61C6B1BF-9B9C-424A-A581-A5513B00835C}.Debug|Any CPU.Build.0 = Debug|Any CPU
		{61C6B1BF-9B9C-424A-A581-A5513B00835C}.Release|Any CPU.ActiveCfg = Release|Any CPU
		{61C6B1BF-9B9C-424A-A581-A5513B00835C}.Release|Any CPU.Build.0 = Release|Any CPU
		{67ED0532-5D6C-495B-A375-F09AD92D2F06}.Debug|Any CPU.ActiveCfg = Debug|Any CPU
		{67ED0532-5D6C-495B-A375-F09AD92D2F06}.Debug|Any CPU.Build.0 = Debug|Any CPU
		{67ED0532-5D6C-495B-A375-F09AD92D2F06}.Release|Any CPU.ActiveCfg = Release|Any CPU
		{67ED0532-5D6C-495B-A375-F09AD92D2F06}.Release|Any CPU.Build.0 = Release|Any CPU
		{B0F4B60D-17EC-4812-A9BF-A1A521CCE6C6}.Debug|Any CPU.ActiveCfg = Debug|Any CPU
		{B0F4B60D-17EC-4812-A9BF-A1A521CCE6C6}.Debug|Any CPU.Build.0 = Debug|Any CPU
		{B0F4B60D-17EC-4812-A9BF-A1A521CCE6C6}.Release|Any CPU.ActiveCfg = Release|Any CPU
		{B0F4B60D-17EC-4812-A9BF-A1A521CCE6C6}.Release|Any CPU.Build.0 = Release|Any CPU
		{E0FC90CB-9E3E-49BC-A8EF-BB41974F43A2}.Debug|Any CPU.ActiveCfg = Debug|Any CPU
		{E0FC90CB-9E3E-49BC-A8EF-BB41974F43A2}.Debug|Any CPU.Build.0 = Debug|Any CPU
		{E0FC90CB-9E3E-49BC-A8EF-BB41974F43A2}.Release|Any CPU.ActiveCfg = Release|Any CPU
		{E0FC90CB-9E3E-49BC-A8EF-BB41974F43A2}.Release|Any CPU.Build.0 = Release|Any CPU
	EndGlobalSection
	GlobalSection(SolutionProperties) = preSolution
		HideSolutionNode = FALSE
	EndGlobalSection
	GlobalSection(NestedProjects) = preSolution
		{67ED0532-5D6C-495B-A375-F09AD92D2F06} = {37FE3466-869E-471E-9F36-98F39D9FD27D}
		{B0F4B60D-17EC-4812-A9BF-A1A521CCE6C6} = {37FE3466-869E-471E-9F36-98F39D9FD27D}
		{E0FC90CB-9E3E-49BC-A8EF-BB41974F43A2} = {37FE3466-869E-471E-9F36-98F39D9FD27D}
	EndGlobalSection
EndGlobal
